// !$*UTF8*$!
{
	archiveVersion = 1;
	classes = {
	};
	objectVersion = 55;
	objects = {

/* Begin PBXBuildFile section */
		68022485277101DA000BDCBB /* AppDelegate.swift in Sources */ = {isa = PBXBuildFile; fileRef = 68022484277101DA000BDCBB /* AppDelegate.swift */; };
		68022487277101DA000BDCBB /* SceneDelegate.swift in Sources */ = {isa = PBXBuildFile; fileRef = 68022486277101DA000BDCBB /* SceneDelegate.swift */; };
		68022489277101DA000BDCBB /* ViewController.swift in Sources */ = {isa = PBXBuildFile; fileRef = 68022488277101DA000BDCBB /* ViewController.swift */; };
		6802248E277101DC000BDCBB /* Assets.xcassets in Resources */ = {isa = PBXBuildFile; fileRef = 6802248D277101DC000BDCBB /* Assets.xcassets */; };
		68022491277101DC000BDCBB /* LaunchScreen.storyboard in Resources */ = {isa = PBXBuildFile; fileRef = 6802248F277101DC000BDCBB /* LaunchScreen.storyboard */; };
		6802249C277101DC000BDCBB /* viewcode_appTests.swift in Sources */ = {isa = PBXBuildFile; fileRef = 6802249B277101DC000BDCBB /* viewcode_appTests.swift */; };
		680224A6277101DC000BDCBB /* viewcode_appUITests.swift in Sources */ = {isa = PBXBuildFile; fileRef = 680224A5277101DC000BDCBB /* viewcode_appUITests.swift */; };
		680224A8277101DC000BDCBB /* viewcode_appUITestsLaunchTests.swift in Sources */ = {isa = PBXBuildFile; fileRef = 680224A7277101DC000BDCBB /* viewcode_appUITestsLaunchTests.swift */; };
		6802253427713F12000BDCBB /* LoginScreen.swift in Sources */ = {isa = PBXBuildFile; fileRef = 6802253327713F12000BDCBB /* LoginScreen.swift */; };
/* End PBXBuildFile section */

/* Begin PBXContainerItemProxy section */
		68022498277101DC000BDCBB /* PBXContainerItemProxy */ = {
			isa = PBXContainerItemProxy;
			containerPortal = 68022479277101DA000BDCBB /* Project object */;
			proxyType = 1;
			remoteGlobalIDString = 68022480277101DA000BDCBB;
			remoteInfo = "viewcode-app";
		};
		680224A2277101DC000BDCBB /* PBXContainerItemProxy */ = {
			isa = PBXContainerItemProxy;
			containerPortal = 68022479277101DA000BDCBB /* Project object */;
			proxyType = 1;
			remoteGlobalIDString = 68022480277101DA000BDCBB;
			remoteInfo = "viewcode-app";
		};
/* End PBXContainerItemProxy section */

/* Begin PBXFileReference section */
		68022481277101DA000BDCBB /* viewcode-app.app */ = {isa = PBXFileReference; explicitFileType = wrapper.application; includeInIndex = 0; path = "viewcode-app.app"; sourceTree = BUILT_PRODUCTS_DIR; };
		68022484277101DA000BDCBB /* AppDelegate.swift */ = {isa = PBXFileReference; lastKnownFileType = sourcecode.swift; path = AppDelegate.swift; sourceTree = "<group>"; };
		68022486277101DA000BDCBB /* SceneDelegate.swift */ = {isa = PBXFileReference; lastKnownFileType = sourcecode.swift; path = SceneDelegate.swift; sourceTree = "<group>"; };
		68022488277101DA000BDCBB /* ViewController.swift */ = {isa = PBXFileReference; lastKnownFileType = sourcecode.swift; path = ViewController.swift; sourceTree = "<group>"; };
		6802248D277101DC000BDCBB /* Assets.xcassets */ = {isa = PBXFileReference; lastKnownFileType = folder.assetcatalog; path = Assets.xcassets; sourceTree = "<group>"; };
		68022490277101DC000BDCBB /* Base */ = {isa = PBXFileReference; lastKnownFileType = file.storyboard; name = Base; path = Base.lproj/LaunchScreen.storyboard; sourceTree = "<group>"; };
		68022492277101DC000BDCBB /* Info.plist */ = {isa = PBXFileReference; lastKnownFileType = text.plist.xml; path = Info.plist; sourceTree = "<group>"; };
		68022497277101DC000BDCBB /* viewcode-appTests.xctest */ = {isa = PBXFileReference; explicitFileType = wrapper.cfbundle; includeInIndex = 0; path = "viewcode-appTests.xctest"; sourceTree = BUILT_PRODUCTS_DIR; };
		6802249B277101DC000BDCBB /* viewcode_appTests.swift */ = {isa = PBXFileReference; lastKnownFileType = sourcecode.swift; path = viewcode_appTests.swift; sourceTree = "<group>"; };
		680224A1277101DC000BDCBB /* viewcode-appUITests.xctest */ = {isa = PBXFileReference; explicitFileType = wrapper.cfbundle; includeInIndex = 0; path = "viewcode-appUITests.xctest"; sourceTree = BUILT_PRODUCTS_DIR; };
		680224A5277101DC000BDCBB /* viewcode_appUITests.swift */ = {isa = PBXFileReference; lastKnownFileType = sourcecode.swift; path = viewcode_appUITests.swift; sourceTree = "<group>"; };
		680224A7277101DC000BDCBB /* viewcode_appUITestsLaunchTests.swift */ = {isa = PBXFileReference; lastKnownFileType = sourcecode.swift; path = viewcode_appUITestsLaunchTests.swift; sourceTree = "<group>"; };
		6802253327713F12000BDCBB /* LoginScreen.swift */ = {isa = PBXFileReference; lastKnownFileType = sourcecode.swift; path = LoginScreen.swift; sourceTree = "<group>"; };
/* End PBXFileReference section */

/* Begin PBXFrameworksBuildPhase section */
		6802247E277101DA000BDCBB /* Frameworks */ = {
			isa = PBXFrameworksBuildPhase;
			buildActionMask = 2147483647;
			files = (
			);
			runOnlyForDeploymentPostprocessing = 0;
		};
		68022494277101DC000BDCBB /* Frameworks */ = {
			isa = PBXFrameworksBuildPhase;
			buildActionMask = 2147483647;
			files = (
			);
			runOnlyForDeploymentPostprocessing = 0;
		};
		6802249E277101DC000BDCBB /* Frameworks */ = {
			isa = PBXFrameworksBuildPhase;
			buildActionMask = 2147483647;
			files = (
			);
			runOnlyForDeploymentPostprocessing = 0;
		};
/* End PBXFrameworksBuildPhase section */

/* Begin PBXGroup section */
		68022478277101DA000BDCBB = {
			isa = PBXGroup;
			children = (
				68022483277101DA000BDCBB /* viewcode-app */,
				6802249A277101DC000BDCBB /* viewcode-appTests */,
				680224A4277101DC000BDCBB /* viewcode-appUITests */,
				68022482277101DA000BDCBB /* Products */,
			);
			sourceTree = "<group>";
		};
		68022482277101DA000BDCBB /* Products */ = {
			isa = PBXGroup;
			children = (
				68022481277101DA000BDCBB /* viewcode-app.app */,
				68022497277101DC000BDCBB /* viewcode-appTests.xctest */,
				680224A1277101DC000BDCBB /* viewcode-appUITests.xctest */,
			);
			name = Products;
			sourceTree = "<group>";
		};
		68022483277101DA000BDCBB /* viewcode-app */ = {
			isa = PBXGroup;
			children = (
				6802253127713EC4000BDCBB /* Login */,
				68022486277101DA000BDCBB /* SceneDelegate.swift */,
				68022484277101DA000BDCBB /* AppDelegate.swift */,
				6802248D277101DC000BDCBB /* Assets.xcassets */,
				6802248F277101DC000BDCBB /* LaunchScreen.storyboard */,
				68022492277101DC000BDCBB /* Info.plist */,
			);
			path = "viewcode-app";
			sourceTree = "<group>";
		};
		6802249A277101DC000BDCBB /* viewcode-appTests */ = {
			isa = PBXGroup;
			children = (
				6802249B277101DC000BDCBB /* viewcode_appTests.swift */,
			);
			path = "viewcode-appTests";
			sourceTree = "<group>";
		};
		680224A4277101DC000BDCBB /* viewcode-appUITests */ = {
			isa = PBXGroup;
			children = (
				680224A5277101DC000BDCBB /* viewcode_appUITests.swift */,
				680224A7277101DC000BDCBB /* viewcode_appUITestsLaunchTests.swift */,
			);
			path = "viewcode-appUITests";
			sourceTree = "<group>";
		};
		6802253127713EC4000BDCBB /* Login */ = {
			isa = PBXGroup;
			children = (
				6802253227713EF1000BDCBB /* Screen */,
			);
			path = Login;
			sourceTree = "<group>";
		};
		6802253227713EF1000BDCBB /* Screen */ = {
			isa = PBXGroup;
			children = (
				68022488277101DA000BDCBB /* ViewController.swift */,
				6802253327713F12000BDCBB /* LoginScreen.swift */,
			);
			path = Screen;
			sourceTree = "<group>";
		};
/* End PBXGroup section */

/* Begin PBXNativeTarget section */
		68022480277101DA000BDCBB /* viewcode-app */ = {
			isa = PBXNativeTarget;
			buildConfigurationList = 680224AB277101DC000BDCBB /* Build configuration list for PBXNativeTarget "viewcode-app" */;
			buildPhases = (
				6802247D277101DA000BDCBB /* Sources */,
				6802247E277101DA000BDCBB /* Frameworks */,
				6802247F277101DA000BDCBB /* Resources */,
			);
			buildRules = (
			);
			dependencies = (
			);
			name = "viewcode-app";
			productName = "viewcode-app";
			productReference = 68022481277101DA000BDCBB /* viewcode-app.app */;
			productType = "com.apple.product-type.application";
		};
		68022496277101DC000BDCBB /* viewcode-appTests */ = {
			isa = PBXNativeTarget;
			buildConfigurationList = 680224AE277101DC000BDCBB /* Build configuration list for PBXNativeTarget "viewcode-appTests" */;
			buildPhases = (
				68022493277101DC000BDCBB /* Sources */,
				68022494277101DC000BDCBB /* Frameworks */,
				68022495277101DC000BDCBB /* Resources */,
			);
			buildRules = (
			);
			dependencies = (
				68022499277101DC000BDCBB /* PBXTargetDependency */,
			);
			name = "viewcode-appTests";
			productName = "viewcode-appTests";
			productReference = 68022497277101DC000BDCBB /* viewcode-appTests.xctest */;
			productType = "com.apple.product-type.bundle.unit-test";
		};
		680224A0277101DC000BDCBB /* viewcode-appUITests */ = {
			isa = PBXNativeTarget;
			buildConfigurationList = 680224B1277101DC000BDCBB /* Build configuration list for PBXNativeTarget "viewcode-appUITests" */;
			buildPhases = (
				6802249D277101DC000BDCBB /* Sources */,
				6802249E277101DC000BDCBB /* Frameworks */,
				6802249F277101DC000BDCBB /* Resources */,
			);
			buildRules = (
			);
			dependencies = (
				680224A3277101DC000BDCBB /* PBXTargetDependency */,
			);
			name = "viewcode-appUITests";
			productName = "viewcode-appUITests";
			productReference = 680224A1277101DC000BDCBB /* viewcode-appUITests.xctest */;
			productType = "com.apple.product-type.bundle.ui-testing";
		};
/* End PBXNativeTarget section */

/* Begin PBXProject section */
		68022479277101DA000BDCBB /* Project object */ = {
			isa = PBXProject;
			attributes = {
				BuildIndependentTargetsInParallel = 1;
				LastSwiftUpdateCheck = 1310;
				LastUpgradeCheck = 1310;
				TargetAttributes = {
					68022480277101DA000BDCBB = {
						CreatedOnToolsVersion = 13.1;
					};
					68022496277101DC000BDCBB = {
						CreatedOnToolsVersion = 13.1;
						TestTargetID = 68022480277101DA000BDCBB;
					};
					680224A0277101DC000BDCBB = {
						CreatedOnToolsVersion = 13.1;
						TestTargetID = 68022480277101DA000BDCBB;
					};
				};
			};
			buildConfigurationList = 6802247C277101DA000BDCBB /* Build configuration list for PBXProject "viewcode-app" */;
			compatibilityVersion = "Xcode 13.0";
			developmentRegion = en;
			hasScannedForEncodings = 0;
			knownRegions = (
				en,
				Base,
			);
			mainGroup = 68022478277101DA000BDCBB;
			productRefGroup = 68022482277101DA000BDCBB /* Products */;
			projectDirPath = "";
			projectRoot = "";
			targets = (
				68022480277101DA000BDCBB /* viewcode-app */,
				68022496277101DC000BDCBB /* viewcode-appTests */,
				680224A0277101DC000BDCBB /* viewcode-appUITests */,
			);
		};
/* End PBXProject section */

/* Begin PBXResourcesBuildPhase section */
		6802247F277101DA000BDCBB /* Resources */ = {
			isa = PBXResourcesBuildPhase;
			buildActionMask = 2147483647;
			files = (
				68022491277101DC000BDCBB /* LaunchScreen.storyboard in Resources */,
				6802248E277101DC000BDCBB /* Assets.xcassets in Resources */,
			);
			runOnlyForDeploymentPostprocessing = 0;
		};
		68022495277101DC000BDCBB /* Resources */ = {
			isa = PBXResourcesBuildPhase;
			buildActionMask = 2147483647;
			files = (
			);
			runOnlyForDeploymentPostprocessing = 0;
		};
		6802249F277101DC000BDCBB /* Resources */ = {
			isa = PBXResourcesBuildPhase;
			buildActionMask = 2147483647;
			files = (
			);
			runOnlyForDeploymentPostprocessing = 0;
		};
/* End PBXResourcesBuildPhase section */

/* Begin PBXSourcesBuildPhase section */
		6802247D277101DA000BDCBB /* Sources */ = {
			isa = PBXSourcesBuildPhase;
			buildActionMask = 2147483647;
			files = (
				68022489277101DA000BDCBB /* ViewController.swift in Sources */,
				6802253427713F12000BDCBB /* LoginScreen.swift in Sources */,
				68022485277101DA000BDCBB /* AppDelegate.swift in Sources */,
				68022487277101DA000BDCBB /* SceneDelegate.swift in Sources */,
			);
			runOnlyForDeploymentPostprocessing = 0;
		};
		68022493277101DC000BDCBB /* Sources */ = {
			isa = PBXSourcesBuildPhase;
			buildActionMask = 2147483647;
			files = (
				6802249C277101DC000BDCBB /* viewcode_appTests.swift in Sources */,
			);
			runOnlyForDeploymentPostprocessing = 0;
		};
		6802249D277101DC000BDCBB /* Sources */ = {
			isa = PBXSourcesBuildPhase;
			buildActionMask = 2147483647;
			files = (
				680224A8277101DC000BDCBB /* viewcode_appUITestsLaunchTests.swift in Sources */,
				680224A6277101DC000BDCBB /* viewcode_appUITests.swift in Sources */,
			);
			runOnlyForDeploymentPostprocessing = 0;
		};
/* End PBXSourcesBuildPhase section */

/* Begin PBXTargetDependency section */
		68022499277101DC000BDCBB /* PBXTargetDependency */ = {
			isa = PBXTargetDependency;
			target = 68022480277101DA000BDCBB /* viewcode-app */;
			targetProxy = 68022498277101DC000BDCBB /* PBXContainerItemProxy */;
		};
		680224A3277101DC000BDCBB /* PBXTargetDependency */ = {
			isa = PBXTargetDependency;
			target = 68022480277101DA000BDCBB /* viewcode-app */;
			targetProxy = 680224A2277101DC000BDCBB /* PBXContainerItemProxy */;
		};
/* End PBXTargetDependency section */

/* Begin PBXVariantGroup section */
		6802248F277101DC000BDCBB /* LaunchScreen.storyboard */ = {
			isa = PBXVariantGroup;
			children = (
				68022490277101DC000BDCBB /* Base */,
			);
			name = LaunchScreen.storyboard;
			sourceTree = "<group>";
		};
/* End PBXVariantGroup section */

/* Begin XCBuildConfiguration section */
		680224A9277101DC000BDCBB /* Debug */ = {
			isa = XCBuildConfiguration;
			buildSettings = {
				ALWAYS_SEARCH_USER_PATHS = NO;
				CLANG_ANALYZER_NONNULL = YES;
				CLANG_ANALYZER_NUMBER_OBJECT_CONVERSION = YES_AGGRESSIVE;
				CLANG_CXX_LANGUAGE_STANDARD = "gnu++17";
				CLANG_CXX_LIBRARY = "libc++";
				CLANG_ENABLE_MODULES = YES;
				CLANG_ENABLE_OBJC_ARC = YES;
				CLANG_ENABLE_OBJC_WEAK = YES;
				CLANG_WARN_BLOCK_CAPTURE_AUTORELEASING = YES;
				CLANG_WARN_BOOL_CONVERSION = YES;
				CLANG_WARN_COMMA = YES;
				CLANG_WARN_CONSTANT_CONVERSION = YES;
				CLANG_WARN_DEPRECATED_OBJC_IMPLEMENTATIONS = YES;
				CLANG_WARN_DIRECT_OBJC_ISA_USAGE = YES_ERROR;
				CLANG_WARN_DOCUMENTATION_COMMENTS = YES;
				CLANG_WARN_EMPTY_BODY = YES;
				CLANG_WARN_ENUM_CONVERSION = YES;
				CLANG_WARN_INFINITE_RECURSION = YES;
				CLANG_WARN_INT_CONVERSION = YES;
				CLANG_WARN_NON_LITERAL_NULL_CONVERSION = YES;
				CLANG_WARN_OBJC_IMPLICIT_RETAIN_SELF = YES;
				CLANG_WARN_OBJC_LITERAL_CONVERSION = YES;
				CLANG_WARN_OBJC_ROOT_CLASS = YES_ERROR;
				CLANG_WARN_QUOTED_INCLUDE_IN_FRAMEWORK_HEADER = YES;
				CLANG_WARN_RANGE_LOOP_ANALYSIS = YES;
				CLANG_WARN_STRICT_PROTOTYPES = YES;
				CLANG_WARN_SUSPICIOUS_MOVE = YES;
				CLANG_WARN_UNGUARDED_AVAILABILITY = YES_AGGRESSIVE;
				CLANG_WARN_UNREACHABLE_CODE = YES;
				CLANG_WARN__DUPLICATE_METHOD_MATCH = YES;
				COPY_PHASE_STRIP = NO;
				DEBUG_INFORMATION_FORMAT = dwarf;
				ENABLE_STRICT_OBJC_MSGSEND = YES;
				ENABLE_TESTABILITY = YES;
				GCC_C_LANGUAGE_STANDARD = gnu11;
				GCC_DYNAMIC_NO_PIC = NO;
				GCC_NO_COMMON_BLOCKS = YES;
				GCC_OPTIMIZATION_LEVEL = 0;
				GCC_PREPROCESSOR_DEFINITIONS = (
					"DEBUG=1",
					"$(inherited)",
				);
				GCC_WARN_64_TO_32_BIT_CONVERSION = YES;
				GCC_WARN_ABOUT_RETURN_TYPE = YES_ERROR;
				GCC_WARN_UNDECLARED_SELECTOR = YES;
				GCC_WARN_UNINITIALIZED_AUTOS = YES_AGGRESSIVE;
				GCC_WARN_UNUSED_FUNCTION = YES;
				GCC_WARN_UNUSED_VARIABLE = YES;
				IPHONEOS_DEPLOYMENT_TARGET = 15.0;
				MTL_ENABLE_DEBUG_INFO = INCLUDE_SOURCE;
				MTL_FAST_MATH = YES;
				ONLY_ACTIVE_ARCH = YES;
				SDKROOT = iphoneos;
				SWIFT_ACTIVE_COMPILATION_CONDITIONS = DEBUG;
				SWIFT_OPTIMIZATION_LEVEL = "-Onone";
			};
			name = Debug;
		};
		680224AA277101DC000BDCBB /* Release */ = {
			isa = XCBuildConfiguration;
			buildSettings = {
				ALWAYS_SEARCH_USER_PATHS = NO;
				CLANG_ANALYZER_NONNULL = YES;
				CLANG_ANALYZER_NUMBER_OBJECT_CONVERSION = YES_AGGRESSIVE;
				CLANG_CXX_LANGUAGE_STANDARD = "gnu++17";
				CLANG_CXX_LIBRARY = "libc++";
				CLANG_ENABLE_MODULES = YES;
				CLANG_ENABLE_OBJC_ARC = YES;
				CLANG_ENABLE_OBJC_WEAK = YES;
				CLANG_WARN_BLOCK_CAPTURE_AUTORELEASING = YES;
				CLANG_WARN_BOOL_CONVERSION = YES;
				CLANG_WARN_COMMA = YES;
				CLANG_WARN_CONSTANT_CONVERSION = YES;
				CLANG_WARN_DEPRECATED_OBJC_IMPLEMENTATIONS = YES;
				CLANG_WARN_DIRECT_OBJC_ISA_USAGE = YES_ERROR;
				CLANG_WARN_DOCUMENTATION_COMMENTS = YES;
				CLANG_WARN_EMPTY_BODY = YES;
				CLANG_WARN_ENUM_CONVERSION = YES;
				CLANG_WARN_INFINITE_RECURSION = YES;
				CLANG_WARN_INT_CONVERSION = YES;
				CLANG_WARN_NON_LITERAL_NULL_CONVERSION = YES;
				CLANG_WARN_OBJC_IMPLICIT_RETAIN_SELF = YES;
				CLANG_WARN_OBJC_LITERAL_CONVERSION = YES;
				CLANG_WARN_OBJC_ROOT_CLASS = YES_ERROR;
				CLANG_WARN_QUOTED_INCLUDE_IN_FRAMEWORK_HEADER = YES;
				CLANG_WARN_RANGE_LOOP_ANALYSIS = YES;
				CLANG_WARN_STRICT_PROTOTYPES = YES;
				CLANG_WARN_SUSPICIOUS_MOVE = YES;
				CLANG_WARN_UNGUARDED_AVAILABILITY = YES_AGGRESSIVE;
				CLANG_WARN_UNREACHABLE_CODE = YES;
				CLANG_WARN__DUPLICATE_METHOD_MATCH = YES;
				COPY_PHASE_STRIP = NO;
				DEBUG_INFORMATION_FORMAT = "dwarf-with-dsym";
				ENABLE_NS_ASSERTIONS = NO;
				ENABLE_STRICT_OBJC_MSGSEND = YES;
				GCC_C_LANGUAGE_STANDARD = gnu11;
				GCC_NO_COMMON_BLOCKS = YES;
				GCC_WARN_64_TO_32_BIT_CONVERSION = YES;
				GCC_WARN_ABOUT_RETURN_TYPE = YES_ERROR;
				GCC_WARN_UNDECLARED_SELECTOR = YES;
				GCC_WARN_UNINITIALIZED_AUTOS = YES_AGGRESSIVE;
				GCC_WARN_UNUSED_FUNCTION = YES;
				GCC_WARN_UNUSED_VARIABLE = YES;
				IPHONEOS_DEPLOYMENT_TARGET = 15.0;
				MTL_ENABLE_DEBUG_INFO = NO;
				MTL_FAST_MATH = YES;
				SDKROOT = iphoneos;
				SWIFT_COMPILATION_MODE = wholemodule;
				SWIFT_OPTIMIZATION_LEVEL = "-O";
				VALIDATE_PRODUCT = YES;
			};
			name = Release;
		};
		680224AC277101DC000BDCBB /* Debug */ = {
			isa = XCBuildConfiguration;
			buildSettings = {
				ASSETCATALOG_COMPILER_APPICON_NAME = AppIcon;
				ASSETCATALOG_COMPILER_GLOBAL_ACCENT_COLOR_NAME = AccentColor;
				CODE_SIGN_STYLE = Automatic;
				CURRENT_PROJECT_VERSION = 1;
				DEVELOPMENT_TEAM = 732277KLEB;
				GENERATE_INFOPLIST_FILE = YES;
				INFOPLIST_FILE = "viewcode-app/Info.plist";
				INFOPLIST_KEY_UIApplicationSupportsIndirectInputEvents = YES;
				INFOPLIST_KEY_UILaunchStoryboardName = LaunchScreen;
				INFOPLIST_KEY_UIMainStoryboardFile = LaunchScreen;
				INFOPLIST_KEY_UISupportedInterfaceOrientations_iPad = "UIInterfaceOrientationPortrait UIInterfaceOrientationPortraitUpsideDown UIInterfaceOrientationLandscapeLeft UIInterfaceOrientationLandscapeRight";
				INFOPLIST_KEY_UISupportedInterfaceOrientations_iPhone = "UIInterfaceOrientationPortrait UIInterfaceOrientationLandscapeLeft UIInterfaceOrientationLandscapeRight";
				LD_RUNPATH_SEARCH_PATHS = (
					"$(inherited)",
					"@executable_path/Frameworks",
				);
				MARKETING_VERSION = 1.0;
				PRODUCT_BUNDLE_IDENTIFIER = "br.com.michellicristina.viewcode-app";
				PRODUCT_NAME = "$(TARGET_NAME)";
				SWIFT_EMIT_LOC_STRINGS = YES;
				SWIFT_VERSION = 5.0;
				TARGETED_DEVICE_FAMILY = "1,2";
			};
			name = Debug;
		};
		680224AD277101DC000BDCBB /* Release */ = {
			isa = XCBuildConfiguration;
			buildSettings = {
				ASSETCATALOG_COMPILER_APPICON_NAME = AppIcon;
				ASSETCATALOG_COMPILER_GLOBAL_ACCENT_COLOR_NAME = AccentColor;
				CODE_SIGN_STYLE = Automatic;
				CURRENT_PROJECT_VERSION = 1;
				DEVELOPMENT_TEAM = 732277KLEB;
				GENERATE_INFOPLIST_FILE = YES;
				INFOPLIST_FILE = "viewcode-app/Info.plist";
				INFOPLIST_KEY_UIApplicationSupportsIndirectInputEvents = YES;
				INFOPLIST_KEY_UILaunchStoryboardName = LaunchScreen;
				INFOPLIST_KEY_UIMainStoryboardFile = LaunchScreen;
				INFOPLIST_KEY_UISupportedInterfaceOrientations_iPad = "UIInterfaceOrientationPortrait UIInterfaceOrientationPortraitUpsideDown UIInterfaceOrientationLandscapeLeft UIInterfaceOrientationLandscapeRight";
				INFOPLIST_KEY_UISupportedInterfaceOrientations_iPhone = "UIInterfaceOrientationPortrait UIInterfaceOrientationLandscapeLeft UIInterfaceOrientationLandscapeRight";
				LD_RUNPATH_SEARCH_PATHS = (
					"$(inherited)",
					"@executable_path/Frameworks",
				);
				MARKETING_VERSION = 1.0;
				PRODUCT_BUNDLE_IDENTIFIER = "br.com.michellicristina.viewcode-app";
				PRODUCT_NAME = "$(TARGET_NAME)";
				SWIFT_EMIT_LOC_STRINGS = YES;
				SWIFT_VERSION = 5.0;
				TARGETED_DEVICE_FAMILY = "1,2";
			};
			name = Release;
		};
		680224AF277101DC000BDCBB /* Debug */ = {
			isa = XCBuildConfiguration;
			buildSettings = {
				ALWAYS_EMBED_SWIFT_STANDARD_LIBRARIES = YES;
				BUNDLE_LOADER = "$(TEST_HOST)";
				CODE_SIGN_STYLE = Automatic;
				CURRENT_PROJECT_VERSION = 1;
				DEVELOPMENT_TEAM = 732277KLEB;
				GENERATE_INFOPLIST_FILE = YES;
				IPHONEOS_DEPLOYMENT_TARGET = 15.0;
				LD_RUNPATH_SEARCH_PATHS = (
					"$(inherited)",
					"@executable_path/Frameworks",
					"@loader_path/Frameworks",
				);
				MARKETING_VERSION = 1.0;
				PRODUCT_BUNDLE_IDENTIFIER = "br.com.michellicristina.viewcode-appTests";
				PRODUCT_NAME = "$(TARGET_NAME)";
				SWIFT_EMIT_LOC_STRINGS = NO;
				SWIFT_VERSION = 5.0;
				TARGETED_DEVICE_FAMILY = "1,2";
				TEST_HOST = "$(BUILT_PRODUCTS_DIR)/viewcode-app.app/viewcode-app";
			};
			name = Debug;
		};
		680224B0277101DC000BDCBB /* Release */ = {
			isa = XCBuildConfiguration;
			buildSettings = {
				ALWAYS_EMBED_SWIFT_STANDARD_LIBRARIES = YES;
				BUNDLE_LOADER = "$(TEST_HOST)";
				CODE_SIGN_STYLE = Automatic;
				CURRENT_PROJECT_VERSION = 1;
				DEVELOPMENT_TEAM = 732277KLEB;
				GENERATE_INFOPLIST_FILE = YES;
				IPHONEOS_DEPLOYMENT_TARGET = 15.0;
				LD_RUNPATH_SEARCH_PATHS = (
					"$(inherited)",
					"@executable_path/Frameworks",
					"@loader_path/Frameworks",
				);
				MARKETING_VERSION = 1.0;
				PRODUCT_BUNDLE_IDENTIFIER = "br.com.michellicristina.viewcode-appTests";
				PRODUCT_NAME = "$(TARGET_NAME)";
				SWIFT_EMIT_LOC_STRINGS = NO;
				SWIFT_VERSION = 5.0;
				TARGETED_DEVICE_FAMILY = "1,2";
				TEST_HOST = "$(BUILT_PRODUCTS_DIR)/viewcode-app.app/viewcode-app";
			};
			name = Release;
		};
		680224B2277101DC000BDCBB /* Debug */ = {
			isa = XCBuildConfiguration;
			buildSettings = {
				ALWAYS_EMBED_SWIFT_STANDARD_LIBRARIES = YES;
				CODE_SIGN_STYLE = Automatic;
				CURRENT_PROJECT_VERSION = 1;
				DEVELOPMENT_TEAM = 732277KLEB;
				GENERATE_INFOPLIST_FILE = YES;
				LD_RUNPATH_SEARCH_PATHS = (
					"$(inherited)",
					"@executable_path/Frameworks",
					"@loader_path/Frameworks",
				);
				MARKETING_VERSION = 1.0;
				PRODUCT_BUNDLE_IDENTIFIER = "br.com.michellicristina.viewcode-appUITests";
				PRODUCT_NAME = "$(TARGET_NAME)";
				SWIFT_EMIT_LOC_STRINGS = NO;
				SWIFT_VERSION = 5.0;
				TARGETED_DEVICE_FAMILY = "1,2";
				TEST_TARGET_NAME = "viewcode-app";
			};
			name = Debug;
		};
		680224B3277101DC000BDCBB /* Release */ = {
			isa = XCBuildConfiguration;
			buildSettings = {
				ALWAYS_EMBED_SWIFT_STANDARD_LIBRARIES = YES;
				CODE_SIGN_STYLE = Automatic;
				CURRENT_PROJECT_VERSION = 1;
				DEVELOPMENT_TEAM = 732277KLEB;
				GENERATE_INFOPLIST_FILE = YES;
				LD_RUNPATH_SEARCH_PATHS = (
					"$(inherited)",
					"@executable_path/Frameworks",
					"@loader_path/Frameworks",
				);
				MARKETING_VERSION = 1.0;
				PRODUCT_BUNDLE_IDENTIFIER = "br.com.michellicristina.viewcode-appUITests";
				PRODUCT_NAME = "$(TARGET_NAME)";
				SWIFT_EMIT_LOC_STRINGS = NO;
				SWIFT_VERSION = 5.0;
				TARGETED_DEVICE_FAMILY = "1,2";
				TEST_TARGET_NAME = "viewcode-app";
			};
			name = Release;
		};
/* End XCBuildConfiguration section */

/* Begin XCConfigurationList section */
		6802247C277101DA000BDCBB /* Build configuration list for PBXProject "viewcode-app" */ = {
			isa = XCConfigurationList;
			buildConfigurations = (
				680224A9277101DC000BDCBB /* Debug */,
				680224AA277101DC000BDCBB /* Release */,
			);
			defaultConfigurationIsVisible = 0;
			defaultConfigurationName = Release;
		};
		680224AB277101DC000BDCBB /* Build configuration list for PBXNativeTarget "viewcode-app" */ = {
			isa = XCConfigurationList;
			buildConfigurations = (
				680224AC277101DC000BDCBB /* Debug */,
				680224AD277101DC000BDCBB /* Release */,
			);
			defaultConfigurationIsVisible = 0;
			defaultConfigurationName = Release;
		};
		680224AE277101DC000BDCBB /* Build configuration list for PBXNativeTarget "viewcode-appTests" */ = {
			isa = XCConfigurationList;
			buildConfigurations = (
				680224AF277101DC000BDCBB /* Debug */,
				680224B0277101DC000BDCBB /* Release */,
			);
			defaultConfigurationIsVisible = 0;
			defaultConfigurationName = Release;
		};
		680224B1277101DC000BDCBB /* Build configuration list for PBXNativeTarget "viewcode-appUITests" */ = {
			isa = XCConfigurationList;
			buildConfigurations = (
				680224B2277101DC000BDCBB /* Debug */,
				680224B3277101DC000BDCBB /* Release */,
			);
			defaultConfigurationIsVisible = 0;
			defaultConfigurationName = Release;
		};
/* End XCConfigurationList section */
	};
	rootObject = 68022479277101DA000BDCBB /* Project object */;
}
